// !$*UTF8*$!
{
	archiveVersion = 1;
	classes = {
	};
	objectVersion = 46;
	objects = {

/* Begin PBXBuildFile section */
		791DEFE51C7321EF00530D51 /* main.m in Sources */ = {isa = PBXBuildFile; fileRef = 791DEFE41C7321EF00530D51 /* main.m */; };
		791DEFE81C7321EF00530D51 /* AppDelegate.m in Sources */ = {isa = PBXBuildFile; fileRef = 791DEFE71C7321EF00530D51 /* AppDelegate.m */; };
		791DEFEB1C7321EF00530D51 /* ViewController.m in Sources */ = {isa = PBXBuildFile; fileRef = 791DEFEA1C7321EF00530D51 /* ViewController.m */; };
		791DEFEE1C7321EF00530D51 /* Main.storyboard in Resources */ = {isa = PBXBuildFile; fileRef = 791DEFEC1C7321EF00530D51 /* Main.storyboard */; };
		791DEFF01C7321EF00530D51 /* Assets.xcassets in Resources */ = {isa = PBXBuildFile; fileRef = 791DEFEF1C7321EF00530D51 /* Assets.xcassets */; };
		791DEFF31C7321EF00530D51 /* LaunchScreen.storyboard in Resources */ = {isa = PBXBuildFile; fileRef = 791DEFF11C7321EF00530D51 /* LaunchScreen.storyboard */; };
		791DEFFE1C7321EF00530D51 /* _4_UIView_Drawnings_DZ_Tests.m in Sources */ = {isa = PBXBuildFile; fileRef = 791DEFFD1C7321EF00530D51 /* _4_UIView_Drawnings_DZ_Tests.m */; };
		791DF0091C7321EF00530D51 /* _4_UIView_Drawnings_DZ_UITests.m in Sources */ = {isa = PBXBuildFile; fileRef = 791DF0081C7321EF00530D51 /* _4_UIView_Drawnings_DZ_UITests.m */; };
/* End PBXBuildFile section */

/* Begin PBXContainerItemProxy section */
		791DEFFA1C7321EF00530D51 /* PBXContainerItemProxy */ = {
			isa = PBXContainerItemProxy;
			containerPortal = 791DEFD81C7321EF00530D51 /* Project object */;
			proxyType = 1;
			remoteGlobalIDString = 791DEFDF1C7321EF00530D51;
			remoteInfo = 24_UIView_Drawnings_DZ_;
		};
		791DF0051C7321EF00530D51 /* PBXContainerItemProxy */ = {
			isa = PBXContainerItemProxy;
			containerPortal = 791DEFD81C7321EF00530D51 /* Project object */;
			proxyType = 1;
			remoteGlobalIDString = 791DEFDF1C7321EF00530D51;
			remoteInfo = 24_UIView_Drawnings_DZ_;
		};
/* End PBXContainerItemProxy section */

/* Begin PBXFileReference section */
		791DEFE01C7321EF00530D51 /* 24_UIView_Drawnings_DZ_.app */ = {isa = PBXFileReference; explicitFileType = wrapper.application; includeInIndex = 0; path = 24_UIView_Drawnings_DZ_.app; sourceTree = BUILT_PRODUCTS_DIR; };
		791DEFE41C7321EF00530D51 /* main.m */ = {isa = PBXFileReference; lastKnownFileType = sourcecode.c.objc; path = main.m; sourceTree = "<group>"; };
		791DEFE61C7321EF00530D51 /* AppDelegate.h */ = {isa = PBXFileReference; lastKnownFileType = sourcecode.c.h; path = AppDelegate.h; sourceTree = "<group>"; };
		791DEFE71C7321EF00530D51 /* AppDelegate.m */ = {isa = PBXFileReference; lastKnownFileType = sourcecode.c.objc; path = AppDelegate.m; sourceTree = "<group>"; };
		791DEFE91C7321EF00530D51 /* ViewController.h */ = {isa = PBXFileReference; lastKnownFileType = sourcecode.c.h; path = ViewController.h; sourceTree = "<group>"; };
		791DEFEA1C7321EF00530D51 /* ViewController.m */ = {isa = PBXFileReference; lastKnownFileType = sourcecode.c.objc; path = ViewController.m; sourceTree = "<group>"; };
		791DEFED1C7321EF00530D51 /* Base */ = {isa = PBXFileReference; lastKnownFileType = file.storyboard; name = Base; path = Base.lproj/Main.storyboard; sourceTree = "<group>"; };
		791DEFEF1C7321EF00530D51 /* Assets.xcassets */ = {isa = PBXFileReference; lastKnownFileType = folder.assetcatalog; path = Assets.xcassets; sourceTree = "<group>"; };
		791DEFF21C7321EF00530D51 /* Base */ = {isa = PBXFileReference; lastKnownFileType = file.storyboard; name = Base; path = Base.lproj/LaunchScreen.storyboard; sourceTree = "<group>"; };
		791DEFF41C7321EF00530D51 /* Info.plist */ = {isa = PBXFileReference; lastKnownFileType = text.plist.xml; path = Info.plist; sourceTree = "<group>"; };
		791DEFF91C7321EF00530D51 /* 24_UIView_Drawnings_DZ_Tests.xctest */ = {isa = PBXFileReference; explicitFileType = wrapper.cfbundle; includeInIndex = 0; path = 24_UIView_Drawnings_DZ_Tests.xctest; sourceTree = BUILT_PRODUCTS_DIR; };
		791DEFFD1C7321EF00530D51 /* _4_UIView_Drawnings_DZ_Tests.m */ = {isa = PBXFileReference; lastKnownFileType = sourcecode.c.objc; path = _4_UIView_Drawnings_DZ_Tests.m; sourceTree = "<group>"; };
		791DEFFF1C7321EF00530D51 /* Info.plist */ = {isa = PBXFileReference; lastKnownFileType = text.plist.xml; path = Info.plist; sourceTree = "<group>"; };
		791DF0041C7321EF00530D51 /* 24_UIView_Drawnings_DZ_UITests.xctest */ = {isa = PBXFileReference; explicitFileType = wrapper.cfbundle; includeInIndex = 0; path = 24_UIView_Drawnings_DZ_UITests.xctest; sourceTree = BUILT_PRODUCTS_DIR; };
		791DF0081C7321EF00530D51 /* _4_UIView_Drawnings_DZ_UITests.m */ = {isa = PBXFileReference; lastKnownFileType = sourcecode.c.objc; path = _4_UIView_Drawnings_DZ_UITests.m; sourceTree = "<group>"; };
		791DF00A1C7321EF00530D51 /* Info.plist */ = {isa = PBXFileReference; lastKnownFileType = text.plist.xml; path = Info.plist; sourceTree = "<group>"; };
/* End PBXFileReference section */

/* Begin PBXFrameworksBuildPhase section */
		791DEFDD1C7321EF00530D51 /* Frameworks */ = {
			isa = PBXFrameworksBuildPhase;
			buildActionMask = 2147483647;
			files = (
			);
			runOnlyForDeploymentPostprocessing = 0;
		};
		791DEFF61C7321EF00530D51 /* Frameworks */ = {
			isa = PBXFrameworksBuildPhase;
			buildActionMask = 2147483647;
			files = (
			);
			runOnlyForDeploymentPostprocessing = 0;
		};
		791DF0011C7321EF00530D51 /* Frameworks */ = {
			isa = PBXFrameworksBuildPhase;
			buildActionMask = 2147483647;
			files = (
			);
			runOnlyForDeploymentPostprocessing = 0;
		};
/* End PBXFrameworksBuildPhase section */

/* Begin PBXGroup section */
		791DEFD71C7321EF00530D51 = {
			isa = PBXGroup;
			children = (
				791DEFE21C7321EF00530D51 /* 24_UIView_Drawnings_DZ_ */,
				791DEFFC1C7321EF00530D51 /* 24_UIView_Drawnings_DZ_Tests */,
				791DF0071C7321EF00530D51 /* 24_UIView_Drawnings_DZ_UITests */,
				791DEFE11C7321EF00530D51 /* Products */,
			);
			sourceTree = "<group>";
		};
		791DEFE11C7321EF00530D51 /* Products */ = {
			isa = PBXGroup;
			children = (
				791DEFE01C7321EF00530D51 /* 24_UIView_Drawnings_DZ_.app */,
				791DEFF91C7321EF00530D51 /* 24_UIView_Drawnings_DZ_Tests.xctest */,
				791DF0041C7321EF00530D51 /* 24_UIView_Drawnings_DZ_UITests.xctest */,
			);
			name = Products;
			sourceTree = "<group>";
		};
		791DEFE21C7321EF00530D51 /* 24_UIView_Drawnings_DZ_ */ = {
			isa = PBXGroup;
			children = (
				791DEFE61C7321EF00530D51 /* AppDelegate.h */,
				791DEFE71C7321EF00530D51 /* AppDelegate.m */,
				791DEFE91C7321EF00530D51 /* ViewController.h */,
				791DEFEA1C7321EF00530D51 /* ViewController.m */,
				791DEFEC1C7321EF00530D51 /* Main.storyboard */,
				791DEFEF1C7321EF00530D51 /* Assets.xcassets */,
				791DEFF11C7321EF00530D51 /* LaunchScreen.storyboard */,
				791DEFF41C7321EF00530D51 /* Info.plist */,
				791DEFE31C7321EF00530D51 /* Supporting Files */,
			);
			path = 24_UIView_Drawnings_DZ_;
			sourceTree = "<group>";
		};
		791DEFE31C7321EF00530D51 /* Supporting Files */ = {
			isa = PBXGroup;
			children = (
				791DEFE41C7321EF00530D51 /* main.m */,
			);
			name = "Supporting Files";
			sourceTree = "<group>";
		};
		791DEFFC1C7321EF00530D51 /* 24_UIView_Drawnings_DZ_Tests */ = {
			isa = PBXGroup;
			children = (
				791DEFFD1C7321EF00530D51 /* _4_UIView_Drawnings_DZ_Tests.m */,
				791DEFFF1C7321EF00530D51 /* Info.plist */,
			);
			path = 24_UIView_Drawnings_DZ_Tests;
			sourceTree = "<group>";
		};
		791DF0071C7321EF00530D51 /* 24_UIView_Drawnings_DZ_UITests */ = {
			isa = PBXGroup;
			children = (
				791DF0081C7321EF00530D51 /* _4_UIView_Drawnings_DZ_UITests.m */,
				791DF00A1C7321EF00530D51 /* Info.plist */,
			);
			path = 24_UIView_Drawnings_DZ_UITests;
			sourceTree = "<group>";
		};
/* End PBXGroup section */

/* Begin PBXNativeTarget section */
		791DEFDF1C7321EF00530D51 /* 24_UIView_Drawnings_DZ_ */ = {
			isa = PBXNativeTarget;
			buildConfigurationList = 791DF00D1C7321EF00530D51 /* Build configuration list for PBXNativeTarget "24_UIView_Drawnings_DZ_" */;
			buildPhases = (
				791DEFDC1C7321EF00530D51 /* Sources */,
				791DEFDD1C7321EF00530D51 /* Frameworks */,
				791DEFDE1C7321EF00530D51 /* Resources */,
			);
			buildRules = (
			);
			dependencies = (
			);
			name = 24_UIView_Drawnings_DZ_;
			productName = 24_UIView_Drawnings_DZ_;
			productReference = 791DEFE01C7321EF00530D51 /* 24_UIView_Drawnings_DZ_.app */;
			productType = "com.apple.product-type.application";
		};
		791DEFF81C7321EF00530D51 /* 24_UIView_Drawnings_DZ_Tests */ = {
			isa = PBXNativeTarget;
			buildConfigurationList = 791DF0101C7321EF00530D51 /* Build configuration list for PBXNativeTarget "24_UIView_Drawnings_DZ_Tests" */;
			buildPhases = (
				791DEFF51C7321EF00530D51 /* Sources */,
				791DEFF61C7321EF00530D51 /* Frameworks */,
				791DEFF71C7321EF00530D51 /* Resources */,
			);
			buildRules = (
			);
			dependencies = (
				791DEFFB1C7321EF00530D51 /* PBXTargetDependency */,
			);
			name = 24_UIView_Drawnings_DZ_Tests;
			productName = 24_UIView_Drawnings_DZ_Tests;
			productReference = 791DEFF91C7321EF00530D51 /* 24_UIView_Drawnings_DZ_Tests.xctest */;
			productType = "com.apple.product-type.bundle.unit-test";
		};
		791DF0031C7321EF00530D51 /* 24_UIView_Drawnings_DZ_UITests */ = {
			isa = PBXNativeTarget;
			buildConfigurationList = 791DF0131C7321EF00530D51 /* Build configuration list for PBXNativeTarget "24_UIView_Drawnings_DZ_UITests" */;
			buildPhases = (
				791DF0001C7321EF00530D51 /* Sources */,
				791DF0011C7321EF00530D51 /* Frameworks */,
				791DF0021C7321EF00530D51 /* Resources */,
			);
			buildRules = (
			);
			dependencies = (
				791DF0061C7321EF00530D51 /* PBXTargetDependency */,
			);
			name = 24_UIView_Drawnings_DZ_UITests;
			productName = 24_UIView_Drawnings_DZ_UITests;
			productReference = 791DF0041C7321EF00530D51 /* 24_UIView_Drawnings_DZ_UITests.xctest */;
			productType = "com.apple.product-type.bundle.ui-testing";
		};
/* End PBXNativeTarget section */

/* Begin PBXProject section */
		791DEFD81C7321EF00530D51 /* Project object */ = {
			isa = PBXProject;
			attributes = {
				LastUpgradeCheck = 0720;
				ORGANIZATIONNAME = Stas;
				TargetAttributes = {
					791DEFDF1C7321EF00530D51 = {
						CreatedOnToolsVersion = 7.2;
						DevelopmentTeam = 3PTYV272Z4;
					};
					791DEFF81C7321EF00530D51 = {
						CreatedOnToolsVersion = 7.2;
						DevelopmentTeam = 3PTYV272Z4;
						TestTargetID = 791DEFDF1C7321EF00530D51;
					};
					791DF0031C7321EF00530D51 = {
						CreatedOnToolsVersion = 7.2;
						DevelopmentTeam = 3PTYV272Z4;
						TestTargetID = 791DEFDF1C7321EF00530D51;
					};
				};
			};
			buildConfigurationList = 791DEFDB1C7321EF00530D51 /* Build configuration list for PBXProject "24_UIView_Drawnings_DZ_" */;
			compatibilityVersion = "Xcode 3.2";
			developmentRegion = English;
			hasScannedForEncodings = 0;
			knownRegions = (
				en,
				Base,
			);
			mainGroup = 791DEFD71C7321EF00530D51;
			productRefGroup = 791DEFE11C7321EF00530D51 /* Products */;
			projectDirPath = "";
			projectRoot = "";
			targets = (
				791DEFDF1C7321EF00530D51 /* 24_UIView_Drawnings_DZ_ */,
				791DEFF81C7321EF00530D51 /* 24_UIView_Drawnings_DZ_Tests */,
				791DF0031C7321EF00530D51 /* 24_UIView_Drawnings_DZ_UITests */,
			);
		};
/* End PBXProject section */

/* Begin PBXResourcesBuildPhase section */
		791DEFDE1C7321EF00530D51 /* Resources */ = {
			isa = PBXResourcesBuildPhase;
			buildActionMask = 2147483647;
			files = (
				791DEFF31C7321EF00530D51 /* LaunchScreen.storyboard in Resources */,
				791DEFF01C7321EF00530D51 /* Assets.xcassets in Resources */,
				791DEFEE1C7321EF00530D51 /* Main.storyboard in Resources */,
			);
			runOnlyForDeploymentPostprocessing = 0;
		};
		791DEFF71C7321EF00530D51 /* Resources */ = {
			isa = PBXResourcesBuildPhase;
			buildActionMask = 2147483647;
			files = (
			);
			runOnlyForDeploymentPostprocessing = 0;
		};
		791DF0021C7321EF00530D51 /* Resources */ = {
			isa = PBXResourcesBuildPhase;
			buildActionMask = 2147483647;
			files = (
			);
			runOnlyForDeploymentPostprocessing = 0;
		};
/* End PBXResourcesBuildPhase section */

/* Begin PBXSourcesBuildPhase section */
		791DEFDC1C7321EF00530D51 /* Sources */ = {
			isa = PBXSourcesBuildPhase;
			buildActionMask = 2147483647;
			files = (
				791DEFEB1C7321EF00530D51 /* ViewController.m in Sources */,
				791DEFE81C7321EF00530D51 /* AppDelegate.m in Sources */,
				791DEFE51C7321EF00530D51 /* main.m in Sources */,
			);
			runOnlyForDeploymentPostprocessing = 0;
		};
		791DEFF51C7321EF00530D51 /* Sources */ = {
			isa = PBXSourcesBuildPhase;
			buildActionMask = 2147483647;
			files = (
				791DEFFE1C7321EF00530D51 /* _4_UIView_Drawnings_DZ_Tests.m in Sources */,
			);
			runOnlyForDeploymentPostprocessing = 0;
		};
		791DF0001C7321EF00530D51 /* Sources */ = {
			isa = PBXSourcesBuildPhase;
			buildActionMask = 2147483647;
			files = (
				791DF0091C7321EF00530D51 /* _4_UIView_Drawnings_DZ_UITests.m in Sources */,
			);
			runOnlyForDeploymentPostprocessing = 0;
		};
/* End PBXSourcesBuildPhase section */

/* Begin PBXTargetDependency section */
		791DEFFB1C7321EF00530D51 /* PBXTargetDependency */ = {
			isa = PBXTargetDependency;
			target = 791DEFDF1C7321EF00530D51 /* 24_UIView_Drawnings_DZ_ */;
			targetProxy = 791DEFFA1C7321EF00530D51 /* PBXContainerItemProxy */;
		};
		791DF0061C7321EF00530D51 /* PBXTargetDependency */ = {
			isa = PBXTargetDependency;
			target = 791DEFDF1C7321EF00530D51 /* 24_UIView_Drawnings_DZ_ */;
			targetProxy = 791DF0051C7321EF00530D51 /* PBXContainerItemProxy */;
		};
/* End PBXTargetDependency section */

/* Begin PBXVariantGroup section */
		791DEFEC1C7321EF00530D51 /* Main.storyboard */ = {
			isa = PBXVariantGroup;
			children = (
				791DEFED1C7321EF00530D51 /* Base */,
			);
			name = Main.storyboard;
			sourceTree = "<group>";
		};
		791DEFF11C7321EF00530D51 /* LaunchScreen.storyboard */ = {
			isa = PBXVariantGroup;
			children = (
				791DEFF21C7321EF00530D51 /* Base */,
			);
			name = LaunchScreen.storyboard;
			sourceTree = "<group>";
		};
/* End PBXVariantGroup section */

/* Begin XCBuildConfiguration section */
		791DF00B1C7321EF00530D51 /* Debug */ = {
			isa = XCBuildConfiguration;
			buildSettings = {
				ALWAYS_SEARCH_USER_PATHS = NO;
				CLANG_CXX_LANGUAGE_STANDARD = "gnu++0x";
				CLANG_CXX_LIBRARY = "libc++";
				CLANG_ENABLE_MODULES = YES;
				CLANG_ENABLE_OBJC_ARC = YES;
				CLANG_WARN_BOOL_CONVERSION = YES;
				CLANG_WARN_CONSTANT_CONVERSION = YES;
				CLANG_WARN_DIRECT_OBJC_ISA_USAGE = YES_ERROR;
				CLANG_WARN_EMPTY_BODY = YES;
				CLANG_WARN_ENUM_CONVERSION = YES;
				CLANG_WARN_INT_CONVERSION = YES;
				CLANG_WARN_OBJC_ROOT_CLASS = YES_ERROR;
				CLANG_WARN_UNREACHABLE_CODE = YES;
				CLANG_WARN__DUPLICATE_METHOD_MATCH = YES;
				"CODE_SIGN_IDENTITY[sdk=iphoneos*]" = "iPhone Developer";
				COPY_PHASE_STRIP = NO;
				DEBUG_INFORMATION_FORMAT = dwarf;
				ENABLE_STRICT_OBJC_MSGSEND = YES;
				ENABLE_TESTABILITY = YES;
				GCC_C_LANGUAGE_STANDARD = gnu99;
				GCC_DYNAMIC_NO_PIC = NO;
				GCC_NO_COMMON_BLOCKS = YES;
				GCC_OPTIMIZATION_LEVEL = 0;
				GCC_PREPROCESSOR_DEFINITIONS = (
					"DEBUG=1",
					"$(inherited)",
				);
				GCC_WARN_64_TO_32_BIT_CONVERSION = YES;
				GCC_WARN_ABOUT_RETURN_TYPE = YES_ERROR;
				GCC_WARN_UNDECLARED_SELECTOR = YES;
				GCC_WARN_UNINITIALIZED_AUTOS = YES_AGGRESSIVE;
				GCC_WARN_UNUSED_FUNCTION = YES;
				GCC_WARN_UNUSED_VARIABLE = YES;
				IPHONEOS_DEPLOYMENT_TARGET = 9.2;
				MTL_ENABLE_DEBUG_INFO = YES;
				ONLY_ACTIVE_ARCH = YES;
				SDKROOT = iphoneos;
				TARGETED_DEVICE_FAMILY = "1,2";
			};
			name = Debug;
		};
		791DF00C1C7321EF00530D51 /* Release */ = {
			isa = XCBuildConfiguration;
			buildSettings = {
				ALWAYS_SEARCH_USER_PATHS = NO;
				CLANG_CXX_LANGUAGE_STANDARD = "gnu++0x";
				CLANG_CXX_LIBRARY = "libc++";
				CLANG_ENABLE_MODULES = YES;
				CLANG_ENABLE_OBJC_ARC = YES;
				CLANG_WARN_BOOL_CONVERSION = YES;
				CLANG_WARN_CONSTANT_CONVERSION = YES;
				CLANG_WARN_DIRECT_OBJC_ISA_USAGE = YES_ERROR;
				CLANG_WARN_EMPTY_BODY = YES;
				CLANG_WARN_ENUM_CONVERSION = YES;
				CLANG_WARN_INT_CONVERSION = YES;
				CLANG_WARN_OBJC_ROOT_CLASS = YES_ERROR;
				CLANG_WARN_UNREACHABLE_CODE = YES;
				CLANG_WARN__DUPLICATE_METHOD_MATCH = YES;
				"CODE_SIGN_IDENTITY[sdk=iphoneos*]" = "iPhone Developer";
				COPY_PHASE_STRIP = NO;
				DEBUG_INFORMATION_FORMAT = "dwarf-with-dsym";
				ENABLE_NS_ASSERTIONS = NO;
				ENABLE_STRICT_OBJC_MSGSEND = YES;
				GCC_C_LANGUAGE_STANDARD = gnu99;
				GCC_NO_COMMON_BLOCKS = YES;
				GCC_WARN_64_TO_32_BIT_CONVERSION = YES;
				GCC_WARN_ABOUT_RETURN_TYPE = YES_ERROR;
				GCC_WARN_UNDECLARED_SELECTOR = YES;
				GCC_WARN_UNINITIALIZED_AUTOS = YES_AGGRESSIVE;
				GCC_WARN_UNUSED_FUNCTION = YES;
				GCC_WARN_UNUSED_VARIABLE = YES;
				IPHONEOS_DEPLOYMENT_TARGET = 9.2;
				MTL_ENABLE_DEBUG_INFO = NO;
				SDKROOT = iphoneos;
				TARGETED_DEVICE_FAMILY = "1,2";
				VALIDATE_PRODUCT = YES;
			};
			name = Release;
		};
		791DF00E1C7321EF00530D51 /* Debug */ = {
			isa = XCBuildConfiguration;
			buildSettings = {
				ASSETCATALOG_COMPILER_APPICON_NAME = AppIcon;
				INFOPLIST_FILE = 24_UIView_Drawnings_DZ_/Info.plist;
				LD_RUNPATH_SEARCH_PATHS = "$(inherited) @executable_path/Frameworks";
				PRODUCT_BUNDLE_IDENTIFIER = "Stnislav-Shiyanovskiy.-4-UIView-Drawnings-DZ-";
				PRODUCT_NAME = "$(TARGET_NAME)";
			};
			name = Debug;
		};
		791DF00F1C7321EF00530D51 /* Release */ = {
			isa = XCBuildConfiguration;
			buildSettings = {
				ASSETCATALOG_COMPILER_APPICON_NAME = AppIcon;
				INFOPLIST_FILE = 24_UIView_Drawnings_DZ_/Info.plist;
				LD_RUNPATH_SEARCH_PATHS = "$(inherited) @executable_path/Frameworks";
				PRODUCT_BUNDLE_IDENTIFIER = "Stnislav-Shiyanovskiy.-4-UIView-Drawnings-DZ-";
				PRODUCT_NAME = "$(TARGET_NAME)";
			};
			name = Release;
		};
		791DF0111C7321EF00530D51 /* Debug */ = {
			isa = XCBuildConfiguration;
			buildSettings = {
				BUNDLE_LOADER = "$(TEST_HOST)";
				INFOPLIST_FILE = 24_UIView_Drawnings_DZ_Tests/Info.plist;
				LD_RUNPATH_SEARCH_PATHS = "$(inherited) @executable_path/Frameworks @loader_path/Frameworks";
				PRODUCT_BUNDLE_IDENTIFIER = "Stnislav-Shiyanovskiy.-4-UIView-Drawnings-DZ-Tests";
				PRODUCT_NAME = "$(TARGET_NAME)";
				TEST_HOST = "$(BUILT_PRODUCTS_DIR)/24_UIView_Drawnings_DZ_.app/24_UIView_Drawnings_DZ_";
			};
			name = Debug;
		};
		791DF0121C7321EF00530D51 /* Release */ = {
			isa = XCBuildConfiguration;
			buildSettings = {
				BUNDLE_LOADER = "$(TEST_HOST)";
				INFOPLIST_FILE = 24_UIView_Drawnings_DZ_Tests/Info.plist;
				LD_RUNPATH_SEARCH_PATHS = "$(inherited) @executable_path/Frameworks @loader_path/Frameworks";
				PRODUCT_BUNDLE_IDENTIFIER = "Stnislav-Shiyanovskiy.-4-UIView-Drawnings-DZ-Tests";
				PRODUCT_NAME = "$(TARGET_NAME)";
				TEST_HOST = "$(BUILT_PRODUCTS_DIR)/24_UIView_Drawnings_DZ_.app/24_UIView_Drawnings_DZ_";
			};
			name = Release;
		};
		791DF0141C7321EF00530D51 /* Debug */ = {
			isa = XCBuildConfiguration;
			buildSettings = {
				INFOPLIST_FILE = 24_UIView_Drawnings_DZ_UITests/Info.plist;
				LD_RUNPATH_SEARCH_PATHS = "$(inherited) @executable_path/Frameworks @loader_path/Frameworks";
				PRODUCT_BUNDLE_IDENTIFIER = "Stnislav-Shiyanovskiy.-4-UIView-Drawnings-DZ-UITests";
				PRODUCT_NAME = "$(TARGET_NAME)";
				TEST_TARGET_NAME = 24_UIView_Drawnings_DZ_;
				USES_XCTRUNNER = YES;
			};
			name = Debug;
		};
		791DF0151C7321EF00530D51 /* Release */ = {
			isa = XCBuildConfiguration;
			buildSettings = {
				INFOPLIST_FILE = 24_UIView_Drawnings_DZ_UITests/Info.plist;
				LD_RUNPATH_SEARCH_PATHS = "$(inherited) @executable_path/Frameworks @loader_path/Frameworks";
				PRODUCT_BUNDLE_IDENTIFIER = "Stnislav-Shiyanovskiy.-4-UIView-Drawnings-DZ-UITests";
				PRODUCT_NAME = "$(TARGET_NAME)";
				TEST_TARGET_NAME = 24_UIView_Drawnings_DZ_;
				USES_XCTRUNNER = YES;
			};
			name = Release;
		};
/* End XCBuildConfiguration section */

/* Begin XCConfigurationList section */
		791DEFDB1C7321EF00530D51 /* Build configuration list for PBXProject "24_UIView_Drawnings_DZ_" */ = {
			isa = XCConfigurationList;
			buildConfigurations = (
				791DF00B1C7321EF00530D51 /* Debug */,
				791DF00C1C7321EF00530D51 /* Release */,
			);
			defaultConfigurationIsVisible = 0;
			defaultConfigurationName = Release;
		};
		791DF00D1C7321EF00530D51 /* Build configuration list for PBXNativeTarget "24_UIView_Drawnings_DZ_" */ = {
			isa = XCConfigurationList;
			buildConfigurations = (
				791DF00E1C7321EF00530D51 /* Debug */,
				791DF00F1C7321EF00530D51 /* Release */,
			);
			defaultConfigurationIsVisible = 0;
		};
		791DF0101C7321EF00530D51 /* Build configuration list for PBXNativeTarget "24_UIView_Drawnings_DZ_Tests" */ = {
			isa = XCConfigurationList;
			buildConfigurations = (
				791DF0111C7321EF00530D51 /* Debug */,
				791DF0121C7321EF00530D51 /* Release */,
			);
			defaultConfigurationIsVisible = 0;
		};
		791DF0131C7321EF00530D51 /* Build configuration list for PBXNativeTarget "24_UIView_Drawnings_DZ_UITests" */ = {
			isa = XCConfigurationList;
			buildConfigurations = (
				791DF0141C7321EF00530D51 /* Debug */,
				791DF0151C7321EF00530D51 /* Release */,
			);
			defaultConfigurationIsVisible = 0;
		};
/* End XCConfigurationList section */
	};
	rootObject = 791DEFD81C7321EF00530D51 /* Project object */;
}
